
Microsoft Visual Studio Solution File, Format Version 12.00
# Visual Studio 2012
Project("{8BC9CEB8-8B4A-11D0-8D11-00A0C91BC942}") = "terrainwatersim", "terrainwatersim\voxelsurfacerealtimeexp.vcxproj", "{00478184-60F8-42B4-91B7-731D04AB8BF9}"
EndProject
Global
	GlobalSection(SolutionConfigurationPlatforms) = preSolution
		Debug|x64 = Debug|x64
		Release|x64 = Release|x64
	EndGlobalSection
	GlobalSection(ProjectConfigurationPlatforms) = postSolution
		{00478184-60F8-42B4-91B7-731D04AB8BF9}.Debug|x64.ActiveCfg = Debug|x64
		{00478184-60F8-42B4-91B7-731D04AB8BF9}.Debug|x64.Build.0 = Debug|x64
		{00478184-60F8-42B4-91B7-731D04AB8BF9}.Release|x64.ActiveCfg = Release|x64
		{00478184-60F8-42B4-91B7-731D04AB8BF9}.Release|x64.Build.0 = Release|x64
	EndGlobalSection
	GlobalSection(SolutionProperties) = preSolution
		HideSolutionNode = FALSE
	EndGlobalSection
EndGlobal
